
Microsoft Visual Studio Solution File, Format Version 12.00
Project("{FAE04EC0-301F-11D3-BF4B-00C04F79EFBC}") = "bj_25_05_24", "bj_25_05_24\bj_25_05_24.csproj", "{B3D9F02D-C7B0-42D2-A205-CA180BF503A8}"
EndProject
Global
	GlobalSection(SolutionConfigurationPlatforms) = preSolution
		Debug|Any CPU = Debug|Any CPU
		Release|Any CPU = Release|Any CPU
	EndGlobalSection
	GlobalSection(ProjectConfigurationPlatforms) = postSolution
		{B3D9F02D-C7B0-42D2-A205-CA180BF503A8}.Debug|Any CPU.ActiveCfg = Debug|Any CPU
		{B3D9F02D-C7B0-42D2-A205-CA180BF503A8}.Debug|Any CPU.Build.0 = Debug|Any CPU
		{B3D9F02D-C7B0-42D2-A205-CA180BF503A8}.Release|Any CPU.ActiveCfg = Release|Any CPU
		{B3D9F02D-C7B0-42D2-A205-CA180BF503A8}.Release|Any CPU.Build.0 = Release|Any CPU
	EndGlobalSection
EndGlobal
