
Microsoft Visual Studio Solution File, Format Version 12.00
Project("{FAE04EC0-301F-11D3-BF4B-00C04F79EFBC}") = "bj_25_05_03", "bj_25_05_03\bj_25_05_03.csproj", "{E223B5E0-301D-4FC2-8CA2-01E6B0DA74C4}"
EndProject
Global
	GlobalSection(SolutionConfigurationPlatforms) = preSolution
		Debug|Any CPU = Debug|Any CPU
		Release|Any CPU = Release|Any CPU
	EndGlobalSection
	GlobalSection(ProjectConfigurationPlatforms) = postSolution
		{E223B5E0-301D-4FC2-8CA2-01E6B0DA74C4}.Debug|Any CPU.ActiveCfg = Debug|Any CPU
		{E223B5E0-301D-4FC2-8CA2-01E6B0DA74C4}.Debug|Any CPU.Build.0 = Debug|Any CPU
		{E223B5E0-301D-4FC2-8CA2-01E6B0DA74C4}.Release|Any CPU.ActiveCfg = Release|Any CPU
		{E223B5E0-301D-4FC2-8CA2-01E6B0DA74C4}.Release|Any CPU.Build.0 = Release|Any CPU
	EndGlobalSection
EndGlobal
