
Microsoft Visual Studio Solution File, Format Version 12.00
Project("{FAE04EC0-301F-11D3-BF4B-00C04F79EFBC}") = "bj_25_12_30", "bj_25_12_30\bj_25_12_30.csproj", "{9BB5A72F-C24F-4439-A966-2AC9E84B2320}"
EndProject
Global
	GlobalSection(SolutionConfigurationPlatforms) = preSolution
		Debug|Any CPU = Debug|Any CPU
		Release|Any CPU = Release|Any CPU
	EndGlobalSection
	GlobalSection(ProjectConfigurationPlatforms) = postSolution
		{9BB5A72F-C24F-4439-A966-2AC9E84B2320}.Debug|Any CPU.ActiveCfg = Debug|Any CPU
		{9BB5A72F-C24F-4439-A966-2AC9E84B2320}.Debug|Any CPU.Build.0 = Debug|Any CPU
		{9BB5A72F-C24F-4439-A966-2AC9E84B2320}.Release|Any CPU.ActiveCfg = Release|Any CPU
		{9BB5A72F-C24F-4439-A966-2AC9E84B2320}.Release|Any CPU.Build.0 = Release|Any CPU
	EndGlobalSection
EndGlobal
