
Microsoft Visual Studio Solution File, Format Version 12.00
Project("{FAE04EC0-301F-11D3-BF4B-00C04F79EFBC}") = "bj_25_12_01", "bj_25_12_01\bj_25_12_01.csproj", "{F59251D6-7CA9-4829-8D19-5F40FF618532}"
EndProject
Global
	GlobalSection(SolutionConfigurationPlatforms) = preSolution
		Debug|Any CPU = Debug|Any CPU
		Release|Any CPU = Release|Any CPU
	EndGlobalSection
	GlobalSection(ProjectConfigurationPlatforms) = postSolution
		{F59251D6-7CA9-4829-8D19-5F40FF618532}.Debug|Any CPU.ActiveCfg = Debug|Any CPU
		{F59251D6-7CA9-4829-8D19-5F40FF618532}.Debug|Any CPU.Build.0 = Debug|Any CPU
		{F59251D6-7CA9-4829-8D19-5F40FF618532}.Release|Any CPU.ActiveCfg = Release|Any CPU
		{F59251D6-7CA9-4829-8D19-5F40FF618532}.Release|Any CPU.Build.0 = Release|Any CPU
	EndGlobalSection
EndGlobal
