
Microsoft Visual Studio Solution File, Format Version 12.00
Project("{FAE04EC0-301F-11D3-BF4B-00C04F79EFBC}") = "bj_25_06_30", "bj_25_06_30\bj_25_06_30.csproj", "{C8D829D0-E95A-4880-8154-9DA5A2F66C80}"
EndProject
Global
	GlobalSection(SolutionConfigurationPlatforms) = preSolution
		Debug|Any CPU = Debug|Any CPU
		Release|Any CPU = Release|Any CPU
	EndGlobalSection
	GlobalSection(ProjectConfigurationPlatforms) = postSolution
		{C8D829D0-E95A-4880-8154-9DA5A2F66C80}.Debug|Any CPU.ActiveCfg = Debug|Any CPU
		{C8D829D0-E95A-4880-8154-9DA5A2F66C80}.Debug|Any CPU.Build.0 = Debug|Any CPU
		{C8D829D0-E95A-4880-8154-9DA5A2F66C80}.Release|Any CPU.ActiveCfg = Release|Any CPU
		{C8D829D0-E95A-4880-8154-9DA5A2F66C80}.Release|Any CPU.Build.0 = Release|Any CPU
	EndGlobalSection
EndGlobal
