
Microsoft Visual Studio Solution File, Format Version 12.00
Project("{FAE04EC0-301F-11D3-BF4B-00C04F79EFBC}") = "bj_25_01_10", "bj_25_01_10\bj_25_01_10.csproj", "{D13A23DA-05CA-4318-B4E3-6BF1BC10D076}"
EndProject
Global
	GlobalSection(SolutionConfigurationPlatforms) = preSolution
		Debug|Any CPU = Debug|Any CPU
		Release|Any CPU = Release|Any CPU
	EndGlobalSection
	GlobalSection(ProjectConfigurationPlatforms) = postSolution
		{D13A23DA-05CA-4318-B4E3-6BF1BC10D076}.Debug|Any CPU.ActiveCfg = Debug|Any CPU
		{D13A23DA-05CA-4318-B4E3-6BF1BC10D076}.Debug|Any CPU.Build.0 = Debug|Any CPU
		{D13A23DA-05CA-4318-B4E3-6BF1BC10D076}.Release|Any CPU.ActiveCfg = Release|Any CPU
		{D13A23DA-05CA-4318-B4E3-6BF1BC10D076}.Release|Any CPU.Build.0 = Release|Any CPU
	EndGlobalSection
EndGlobal
