
Microsoft Visual Studio Solution File, Format Version 12.00
Project("{FAE04EC0-301F-11D3-BF4B-00C04F79EFBC}") = "bj_24_11_08", "bj_24_11_08\bj_24_11_08.csproj", "{A95CD84D-61F6-4960-8E83-5FCFD63DCBFB}"
EndProject
Global
	GlobalSection(SolutionConfigurationPlatforms) = preSolution
		Debug|Any CPU = Debug|Any CPU
		Release|Any CPU = Release|Any CPU
	EndGlobalSection
	GlobalSection(ProjectConfigurationPlatforms) = postSolution
		{A95CD84D-61F6-4960-8E83-5FCFD63DCBFB}.Debug|Any CPU.ActiveCfg = Debug|Any CPU
		{A95CD84D-61F6-4960-8E83-5FCFD63DCBFB}.Debug|Any CPU.Build.0 = Debug|Any CPU
		{A95CD84D-61F6-4960-8E83-5FCFD63DCBFB}.Release|Any CPU.ActiveCfg = Release|Any CPU
		{A95CD84D-61F6-4960-8E83-5FCFD63DCBFB}.Release|Any CPU.Build.0 = Release|Any CPU
	EndGlobalSection
EndGlobal
