
Microsoft Visual Studio Solution File, Format Version 12.00
Project("{FAE04EC0-301F-11D3-BF4B-00C04F79EFBC}") = "bj_24_12_23", "bj_24_12_23\bj_24_12_23.csproj", "{74E67827-D35C-44E4-BC2D-9C3417511552}"
EndProject
Global
	GlobalSection(SolutionConfigurationPlatforms) = preSolution
		Debug|Any CPU = Debug|Any CPU
		Release|Any CPU = Release|Any CPU
	EndGlobalSection
	GlobalSection(ProjectConfigurationPlatforms) = postSolution
		{74E67827-D35C-44E4-BC2D-9C3417511552}.Debug|Any CPU.ActiveCfg = Debug|Any CPU
		{74E67827-D35C-44E4-BC2D-9C3417511552}.Debug|Any CPU.Build.0 = Debug|Any CPU
		{74E67827-D35C-44E4-BC2D-9C3417511552}.Release|Any CPU.ActiveCfg = Release|Any CPU
		{74E67827-D35C-44E4-BC2D-9C3417511552}.Release|Any CPU.Build.0 = Release|Any CPU
	EndGlobalSection
EndGlobal
