
Microsoft Visual Studio Solution File, Format Version 12.00
Project("{FAE04EC0-301F-11D3-BF4B-00C04F79EFBC}") = "bj_25_09_28", "bj_25_09_28\bj_25_09_28.csproj", "{68CCEC6F-CD1F-4CD2-8636-60B3BBC3EA5E}"
EndProject
Global
	GlobalSection(SolutionConfigurationPlatforms) = preSolution
		Debug|Any CPU = Debug|Any CPU
		Release|Any CPU = Release|Any CPU
	EndGlobalSection
	GlobalSection(ProjectConfigurationPlatforms) = postSolution
		{68CCEC6F-CD1F-4CD2-8636-60B3BBC3EA5E}.Debug|Any CPU.ActiveCfg = Debug|Any CPU
		{68CCEC6F-CD1F-4CD2-8636-60B3BBC3EA5E}.Debug|Any CPU.Build.0 = Debug|Any CPU
		{68CCEC6F-CD1F-4CD2-8636-60B3BBC3EA5E}.Release|Any CPU.ActiveCfg = Release|Any CPU
		{68CCEC6F-CD1F-4CD2-8636-60B3BBC3EA5E}.Release|Any CPU.Build.0 = Release|Any CPU
	EndGlobalSection
EndGlobal
