
Microsoft Visual Studio Solution File, Format Version 12.00
Project("{FAE04EC0-301F-11D3-BF4B-00C04F79EFBC}") = "bj_25_08_19", "bj_25_08_19\bj_25_08_19.csproj", "{6F44543D-5F13-4688-A3EC-59B3874A185D}"
EndProject
Global
	GlobalSection(SolutionConfigurationPlatforms) = preSolution
		Debug|Any CPU = Debug|Any CPU
		Release|Any CPU = Release|Any CPU
	EndGlobalSection
	GlobalSection(ProjectConfigurationPlatforms) = postSolution
		{6F44543D-5F13-4688-A3EC-59B3874A185D}.Debug|Any CPU.ActiveCfg = Debug|Any CPU
		{6F44543D-5F13-4688-A3EC-59B3874A185D}.Debug|Any CPU.Build.0 = Debug|Any CPU
		{6F44543D-5F13-4688-A3EC-59B3874A185D}.Release|Any CPU.ActiveCfg = Release|Any CPU
		{6F44543D-5F13-4688-A3EC-59B3874A185D}.Release|Any CPU.Build.0 = Release|Any CPU
	EndGlobalSection
EndGlobal
