
Microsoft Visual Studio Solution File, Format Version 12.00
Project("{FAE04EC0-301F-11D3-BF4B-00C04F79EFBC}") = "bj_25_09_18", "bj_25_09_18\bj_25_09_18.csproj", "{593F006F-C718-402B-8891-35F362801994}"
EndProject
Global
	GlobalSection(SolutionConfigurationPlatforms) = preSolution
		Debug|Any CPU = Debug|Any CPU
		Release|Any CPU = Release|Any CPU
	EndGlobalSection
	GlobalSection(ProjectConfigurationPlatforms) = postSolution
		{593F006F-C718-402B-8891-35F362801994}.Debug|Any CPU.ActiveCfg = Debug|Any CPU
		{593F006F-C718-402B-8891-35F362801994}.Debug|Any CPU.Build.0 = Debug|Any CPU
		{593F006F-C718-402B-8891-35F362801994}.Release|Any CPU.ActiveCfg = Release|Any CPU
		{593F006F-C718-402B-8891-35F362801994}.Release|Any CPU.Build.0 = Release|Any CPU
	EndGlobalSection
EndGlobal
