
Microsoft Visual Studio Solution File, Format Version 12.00
Project("{FAE04EC0-301F-11D3-BF4B-00C04F79EFBC}") = "bj_25_12_05", "bj_25_12_05\bj_25_12_05.csproj", "{1B63B729-3030-464E-9EFF-4EFDF78F2EC3}"
EndProject
Global
	GlobalSection(SolutionConfigurationPlatforms) = preSolution
		Debug|Any CPU = Debug|Any CPU
		Release|Any CPU = Release|Any CPU
	EndGlobalSection
	GlobalSection(ProjectConfigurationPlatforms) = postSolution
		{1B63B729-3030-464E-9EFF-4EFDF78F2EC3}.Debug|Any CPU.ActiveCfg = Debug|Any CPU
		{1B63B729-3030-464E-9EFF-4EFDF78F2EC3}.Debug|Any CPU.Build.0 = Debug|Any CPU
		{1B63B729-3030-464E-9EFF-4EFDF78F2EC3}.Release|Any CPU.ActiveCfg = Release|Any CPU
		{1B63B729-3030-464E-9EFF-4EFDF78F2EC3}.Release|Any CPU.Build.0 = Release|Any CPU
	EndGlobalSection
EndGlobal
