
Microsoft Visual Studio Solution File, Format Version 12.00
Project("{FAE04EC0-301F-11D3-BF4B-00C04F79EFBC}") = "bj_25_10_03", "bj_25_10_03\bj_25_10_03.csproj", "{EEAEF49F-0825-4724-BC59-1C0F9C7C24D2}"
EndProject
Global
	GlobalSection(SolutionConfigurationPlatforms) = preSolution
		Debug|Any CPU = Debug|Any CPU
		Release|Any CPU = Release|Any CPU
	EndGlobalSection
	GlobalSection(ProjectConfigurationPlatforms) = postSolution
		{EEAEF49F-0825-4724-BC59-1C0F9C7C24D2}.Debug|Any CPU.ActiveCfg = Debug|Any CPU
		{EEAEF49F-0825-4724-BC59-1C0F9C7C24D2}.Debug|Any CPU.Build.0 = Debug|Any CPU
		{EEAEF49F-0825-4724-BC59-1C0F9C7C24D2}.Release|Any CPU.ActiveCfg = Release|Any CPU
		{EEAEF49F-0825-4724-BC59-1C0F9C7C24D2}.Release|Any CPU.Build.0 = Release|Any CPU
	EndGlobalSection
EndGlobal
