
Microsoft Visual Studio Solution File, Format Version 12.00
Project("{FAE04EC0-301F-11D3-BF4B-00C04F79EFBC}") = "bj_25_04_27", "bj_25_04_27\bj_25_04_27.csproj", "{CF5E7FD3-2E42-4676-873A-B4AEA346E139}"
EndProject
Global
	GlobalSection(SolutionConfigurationPlatforms) = preSolution
		Debug|Any CPU = Debug|Any CPU
		Release|Any CPU = Release|Any CPU
	EndGlobalSection
	GlobalSection(ProjectConfigurationPlatforms) = postSolution
		{CF5E7FD3-2E42-4676-873A-B4AEA346E139}.Debug|Any CPU.ActiveCfg = Debug|Any CPU
		{CF5E7FD3-2E42-4676-873A-B4AEA346E139}.Debug|Any CPU.Build.0 = Debug|Any CPU
		{CF5E7FD3-2E42-4676-873A-B4AEA346E139}.Release|Any CPU.ActiveCfg = Release|Any CPU
		{CF5E7FD3-2E42-4676-873A-B4AEA346E139}.Release|Any CPU.Build.0 = Release|Any CPU
	EndGlobalSection
EndGlobal
