
Microsoft Visual Studio Solution File, Format Version 12.00
Project("{FAE04EC0-301F-11D3-BF4B-00C04F79EFBC}") = "bj_25_02_18", "bj_25_02_18\bj_25_02_18.csproj", "{DF83C559-53FB-44C6-B5E8-DA7CB623829C}"
EndProject
Global
	GlobalSection(SolutionConfigurationPlatforms) = preSolution
		Debug|Any CPU = Debug|Any CPU
		Release|Any CPU = Release|Any CPU
	EndGlobalSection
	GlobalSection(ProjectConfigurationPlatforms) = postSolution
		{DF83C559-53FB-44C6-B5E8-DA7CB623829C}.Debug|Any CPU.ActiveCfg = Debug|Any CPU
		{DF83C559-53FB-44C6-B5E8-DA7CB623829C}.Debug|Any CPU.Build.0 = Debug|Any CPU
		{DF83C559-53FB-44C6-B5E8-DA7CB623829C}.Release|Any CPU.ActiveCfg = Release|Any CPU
		{DF83C559-53FB-44C6-B5E8-DA7CB623829C}.Release|Any CPU.Build.0 = Release|Any CPU
	EndGlobalSection
EndGlobal
