
Microsoft Visual Studio Solution File, Format Version 12.00
Project("{FAE04EC0-301F-11D3-BF4B-00C04F79EFBC}") = "bj_25_06_13", "bj_25_06_13\bj_25_06_13.csproj", "{7B43A3A1-5388-4449-9B02-9D350186848B}"
EndProject
Global
	GlobalSection(SolutionConfigurationPlatforms) = preSolution
		Debug|Any CPU = Debug|Any CPU
		Release|Any CPU = Release|Any CPU
	EndGlobalSection
	GlobalSection(ProjectConfigurationPlatforms) = postSolution
		{7B43A3A1-5388-4449-9B02-9D350186848B}.Debug|Any CPU.ActiveCfg = Debug|Any CPU
		{7B43A3A1-5388-4449-9B02-9D350186848B}.Debug|Any CPU.Build.0 = Debug|Any CPU
		{7B43A3A1-5388-4449-9B02-9D350186848B}.Release|Any CPU.ActiveCfg = Release|Any CPU
		{7B43A3A1-5388-4449-9B02-9D350186848B}.Release|Any CPU.Build.0 = Release|Any CPU
	EndGlobalSection
EndGlobal
