
Microsoft Visual Studio Solution File, Format Version 12.00
Project("{FAE04EC0-301F-11D3-BF4B-00C04F79EFBC}") = "bj_25_03_16", "bj_25_03_16\bj_25_03_16.csproj", "{ECDC4542-7D93-43A0-BCB4-16BF9F7BAE9A}"
EndProject
Global
	GlobalSection(SolutionConfigurationPlatforms) = preSolution
		Debug|Any CPU = Debug|Any CPU
		Release|Any CPU = Release|Any CPU
	EndGlobalSection
	GlobalSection(ProjectConfigurationPlatforms) = postSolution
		{ECDC4542-7D93-43A0-BCB4-16BF9F7BAE9A}.Debug|Any CPU.ActiveCfg = Debug|Any CPU
		{ECDC4542-7D93-43A0-BCB4-16BF9F7BAE9A}.Debug|Any CPU.Build.0 = Debug|Any CPU
		{ECDC4542-7D93-43A0-BCB4-16BF9F7BAE9A}.Release|Any CPU.ActiveCfg = Release|Any CPU
		{ECDC4542-7D93-43A0-BCB4-16BF9F7BAE9A}.Release|Any CPU.Build.0 = Release|Any CPU
	EndGlobalSection
EndGlobal
