
Microsoft Visual Studio Solution File, Format Version 12.00
Project("{FAE04EC0-301F-11D3-BF4B-00C04F79EFBC}") = "bj_26_01_11", "bj_26_01_11\bj_26_01_11.csproj", "{725263ED-11A9-4F20-AB9C-4285E9330E94}"
EndProject
Global
	GlobalSection(SolutionConfigurationPlatforms) = preSolution
		Debug|Any CPU = Debug|Any CPU
		Release|Any CPU = Release|Any CPU
	EndGlobalSection
	GlobalSection(ProjectConfigurationPlatforms) = postSolution
		{725263ED-11A9-4F20-AB9C-4285E9330E94}.Debug|Any CPU.ActiveCfg = Debug|Any CPU
		{725263ED-11A9-4F20-AB9C-4285E9330E94}.Debug|Any CPU.Build.0 = Debug|Any CPU
		{725263ED-11A9-4F20-AB9C-4285E9330E94}.Release|Any CPU.ActiveCfg = Release|Any CPU
		{725263ED-11A9-4F20-AB9C-4285E9330E94}.Release|Any CPU.Build.0 = Release|Any CPU
	EndGlobalSection
EndGlobal
