
Microsoft Visual Studio Solution File, Format Version 12.00
Project("{FAE04EC0-301F-11D3-BF4B-00C04F79EFBC}") = "bj_25_10_22", "bj_25_10_22\bj_25_10_22.csproj", "{48AA63F0-3F5E-4762-B98D-0A1A61E0494F}"
EndProject
Global
	GlobalSection(SolutionConfigurationPlatforms) = preSolution
		Debug|Any CPU = Debug|Any CPU
		Release|Any CPU = Release|Any CPU
	EndGlobalSection
	GlobalSection(ProjectConfigurationPlatforms) = postSolution
		{48AA63F0-3F5E-4762-B98D-0A1A61E0494F}.Debug|Any CPU.ActiveCfg = Debug|Any CPU
		{48AA63F0-3F5E-4762-B98D-0A1A61E0494F}.Debug|Any CPU.Build.0 = Debug|Any CPU
		{48AA63F0-3F5E-4762-B98D-0A1A61E0494F}.Release|Any CPU.ActiveCfg = Release|Any CPU
		{48AA63F0-3F5E-4762-B98D-0A1A61E0494F}.Release|Any CPU.Build.0 = Release|Any CPU
	EndGlobalSection
EndGlobal
