
Microsoft Visual Studio Solution File, Format Version 12.00
Project("{FAE04EC0-301F-11D3-BF4B-00C04F79EFBC}") = "bj_25_10_16", "bj_25_10_16\bj_25_10_16.csproj", "{6FBA560B-C09F-40FB-9124-E91F45D879AB}"
EndProject
Global
	GlobalSection(SolutionConfigurationPlatforms) = preSolution
		Debug|Any CPU = Debug|Any CPU
		Release|Any CPU = Release|Any CPU
	EndGlobalSection
	GlobalSection(ProjectConfigurationPlatforms) = postSolution
		{6FBA560B-C09F-40FB-9124-E91F45D879AB}.Debug|Any CPU.ActiveCfg = Debug|Any CPU
		{6FBA560B-C09F-40FB-9124-E91F45D879AB}.Debug|Any CPU.Build.0 = Debug|Any CPU
		{6FBA560B-C09F-40FB-9124-E91F45D879AB}.Release|Any CPU.ActiveCfg = Release|Any CPU
		{6FBA560B-C09F-40FB-9124-E91F45D879AB}.Release|Any CPU.Build.0 = Release|Any CPU
	EndGlobalSection
EndGlobal
