
Microsoft Visual Studio Solution File, Format Version 12.00
Project("{FAE04EC0-301F-11D3-BF4B-00C04F79EFBC}") = "bj_25_06_02", "bj_25_06_02\bj_25_06_02.csproj", "{9115A133-4839-4FCF-81CF-D9BF46C5647F}"
EndProject
Global
	GlobalSection(SolutionConfigurationPlatforms) = preSolution
		Debug|Any CPU = Debug|Any CPU
		Release|Any CPU = Release|Any CPU
	EndGlobalSection
	GlobalSection(ProjectConfigurationPlatforms) = postSolution
		{9115A133-4839-4FCF-81CF-D9BF46C5647F}.Debug|Any CPU.ActiveCfg = Debug|Any CPU
		{9115A133-4839-4FCF-81CF-D9BF46C5647F}.Debug|Any CPU.Build.0 = Debug|Any CPU
		{9115A133-4839-4FCF-81CF-D9BF46C5647F}.Release|Any CPU.ActiveCfg = Release|Any CPU
		{9115A133-4839-4FCF-81CF-D9BF46C5647F}.Release|Any CPU.Build.0 = Release|Any CPU
	EndGlobalSection
EndGlobal
