
Microsoft Visual Studio Solution File, Format Version 12.00
Project("{FAE04EC0-301F-11D3-BF4B-00C04F79EFBC}") = "bj_25_09_21", "bj_25_09_21\bj_25_09_21.csproj", "{96384AFF-FE14-4FD6-87B5-5BD2BB9D427C}"
EndProject
Global
	GlobalSection(SolutionConfigurationPlatforms) = preSolution
		Debug|Any CPU = Debug|Any CPU
		Release|Any CPU = Release|Any CPU
	EndGlobalSection
	GlobalSection(ProjectConfigurationPlatforms) = postSolution
		{96384AFF-FE14-4FD6-87B5-5BD2BB9D427C}.Debug|Any CPU.ActiveCfg = Debug|Any CPU
		{96384AFF-FE14-4FD6-87B5-5BD2BB9D427C}.Debug|Any CPU.Build.0 = Debug|Any CPU
		{96384AFF-FE14-4FD6-87B5-5BD2BB9D427C}.Release|Any CPU.ActiveCfg = Release|Any CPU
		{96384AFF-FE14-4FD6-87B5-5BD2BB9D427C}.Release|Any CPU.Build.0 = Release|Any CPU
	EndGlobalSection
EndGlobal
