
Microsoft Visual Studio Solution File, Format Version 12.00
Project("{FAE04EC0-301F-11D3-BF4B-00C04F79EFBC}") = "bj_25_04_21", "bj_25_04_21\bj_25_04_21.csproj", "{1C53C5A7-B74C-4302-96A6-982717032E87}"
EndProject
Global
	GlobalSection(SolutionConfigurationPlatforms) = preSolution
		Debug|Any CPU = Debug|Any CPU
		Release|Any CPU = Release|Any CPU
	EndGlobalSection
	GlobalSection(ProjectConfigurationPlatforms) = postSolution
		{1C53C5A7-B74C-4302-96A6-982717032E87}.Debug|Any CPU.ActiveCfg = Debug|Any CPU
		{1C53C5A7-B74C-4302-96A6-982717032E87}.Debug|Any CPU.Build.0 = Debug|Any CPU
		{1C53C5A7-B74C-4302-96A6-982717032E87}.Release|Any CPU.ActiveCfg = Release|Any CPU
		{1C53C5A7-B74C-4302-96A6-982717032E87}.Release|Any CPU.Build.0 = Release|Any CPU
	EndGlobalSection
EndGlobal
