
Microsoft Visual Studio Solution File, Format Version 12.00
Project("{FAE04EC0-301F-11D3-BF4B-00C04F79EFBC}") = "bj_26_01_01", "bj_26_01_01\bj_26_01_01.csproj", "{0E522D9F-3EF1-4DB4-9E0D-FECA01754930}"
EndProject
Global
	GlobalSection(SolutionConfigurationPlatforms) = preSolution
		Debug|Any CPU = Debug|Any CPU
		Release|Any CPU = Release|Any CPU
	EndGlobalSection
	GlobalSection(ProjectConfigurationPlatforms) = postSolution
		{0E522D9F-3EF1-4DB4-9E0D-FECA01754930}.Debug|Any CPU.ActiveCfg = Debug|Any CPU
		{0E522D9F-3EF1-4DB4-9E0D-FECA01754930}.Debug|Any CPU.Build.0 = Debug|Any CPU
		{0E522D9F-3EF1-4DB4-9E0D-FECA01754930}.Release|Any CPU.ActiveCfg = Release|Any CPU
		{0E522D9F-3EF1-4DB4-9E0D-FECA01754930}.Release|Any CPU.Build.0 = Release|Any CPU
	EndGlobalSection
EndGlobal
