
Microsoft Visual Studio Solution File, Format Version 12.00
Project("{FAE04EC0-301F-11D3-BF4B-00C04F79EFBC}") = "bj_25_07_22", "bj_25_07_22\bj_25_07_22.csproj", "{FD95BD4E-2E9E-4DB5-9DCF-FCFF4B79404E}"
EndProject
Global
	GlobalSection(SolutionConfigurationPlatforms) = preSolution
		Debug|Any CPU = Debug|Any CPU
		Release|Any CPU = Release|Any CPU
	EndGlobalSection
	GlobalSection(ProjectConfigurationPlatforms) = postSolution
		{FD95BD4E-2E9E-4DB5-9DCF-FCFF4B79404E}.Debug|Any CPU.ActiveCfg = Debug|Any CPU
		{FD95BD4E-2E9E-4DB5-9DCF-FCFF4B79404E}.Debug|Any CPU.Build.0 = Debug|Any CPU
		{FD95BD4E-2E9E-4DB5-9DCF-FCFF4B79404E}.Release|Any CPU.ActiveCfg = Release|Any CPU
		{FD95BD4E-2E9E-4DB5-9DCF-FCFF4B79404E}.Release|Any CPU.Build.0 = Release|Any CPU
	EndGlobalSection
EndGlobal
