
Microsoft Visual Studio Solution File, Format Version 12.00
Project("{FAE04EC0-301F-11D3-BF4B-00C04F79EFBC}") = "bj_25_11_06", "bj_25_11_06\bj_25_11_06.csproj", "{37666D69-ED0E-4DCB-8F6B-9D3383DEE938}"
EndProject
Global
	GlobalSection(SolutionConfigurationPlatforms) = preSolution
		Debug|Any CPU = Debug|Any CPU
		Release|Any CPU = Release|Any CPU
	EndGlobalSection
	GlobalSection(ProjectConfigurationPlatforms) = postSolution
		{37666D69-ED0E-4DCB-8F6B-9D3383DEE938}.Debug|Any CPU.ActiveCfg = Debug|Any CPU
		{37666D69-ED0E-4DCB-8F6B-9D3383DEE938}.Debug|Any CPU.Build.0 = Debug|Any CPU
		{37666D69-ED0E-4DCB-8F6B-9D3383DEE938}.Release|Any CPU.ActiveCfg = Release|Any CPU
		{37666D69-ED0E-4DCB-8F6B-9D3383DEE938}.Release|Any CPU.Build.0 = Release|Any CPU
	EndGlobalSection
EndGlobal
