
Microsoft Visual Studio Solution File, Format Version 12.00
Project("{FAE04EC0-301F-11D3-BF4B-00C04F79EFBC}") = "bj_25_11_07", "bj_25_11_07\bj_25_11_07.csproj", "{38252220-39CC-47CF-AB8B-3C79904F7B61}"
EndProject
Global
	GlobalSection(SolutionConfigurationPlatforms) = preSolution
		Debug|Any CPU = Debug|Any CPU
		Release|Any CPU = Release|Any CPU
	EndGlobalSection
	GlobalSection(ProjectConfigurationPlatforms) = postSolution
		{38252220-39CC-47CF-AB8B-3C79904F7B61}.Debug|Any CPU.ActiveCfg = Debug|Any CPU
		{38252220-39CC-47CF-AB8B-3C79904F7B61}.Debug|Any CPU.Build.0 = Debug|Any CPU
		{38252220-39CC-47CF-AB8B-3C79904F7B61}.Release|Any CPU.ActiveCfg = Release|Any CPU
		{38252220-39CC-47CF-AB8B-3C79904F7B61}.Release|Any CPU.Build.0 = Release|Any CPU
	EndGlobalSection
EndGlobal
