
Microsoft Visual Studio Solution File, Format Version 12.00
Project("{FAE04EC0-301F-11D3-BF4B-00C04F79EFBC}") = "bj_25_12_24", "bj_25_12_24\bj_25_12_24.csproj", "{0CC9D2F8-A7A4-4E25-9E4B-BE61330F31A4}"
EndProject
Global
	GlobalSection(SolutionConfigurationPlatforms) = preSolution
		Debug|Any CPU = Debug|Any CPU
		Release|Any CPU = Release|Any CPU
	EndGlobalSection
	GlobalSection(ProjectConfigurationPlatforms) = postSolution
		{0CC9D2F8-A7A4-4E25-9E4B-BE61330F31A4}.Debug|Any CPU.ActiveCfg = Debug|Any CPU
		{0CC9D2F8-A7A4-4E25-9E4B-BE61330F31A4}.Debug|Any CPU.Build.0 = Debug|Any CPU
		{0CC9D2F8-A7A4-4E25-9E4B-BE61330F31A4}.Release|Any CPU.ActiveCfg = Release|Any CPU
		{0CC9D2F8-A7A4-4E25-9E4B-BE61330F31A4}.Release|Any CPU.Build.0 = Release|Any CPU
	EndGlobalSection
EndGlobal
