
Microsoft Visual Studio Solution File, Format Version 12.00
Project("{FAE04EC0-301F-11D3-BF4B-00C04F79EFBC}") = "bj_25_01_02", "bj_25_01_02\bj_25_01_02.csproj", "{0918F9B5-5990-498F-BE39-54E5BA390232}"
EndProject
Global
	GlobalSection(SolutionConfigurationPlatforms) = preSolution
		Debug|Any CPU = Debug|Any CPU
		Release|Any CPU = Release|Any CPU
	EndGlobalSection
	GlobalSection(ProjectConfigurationPlatforms) = postSolution
		{0918F9B5-5990-498F-BE39-54E5BA390232}.Debug|Any CPU.ActiveCfg = Debug|Any CPU
		{0918F9B5-5990-498F-BE39-54E5BA390232}.Debug|Any CPU.Build.0 = Debug|Any CPU
		{0918F9B5-5990-498F-BE39-54E5BA390232}.Release|Any CPU.ActiveCfg = Release|Any CPU
		{0918F9B5-5990-498F-BE39-54E5BA390232}.Release|Any CPU.Build.0 = Release|Any CPU
	EndGlobalSection
EndGlobal
