
Microsoft Visual Studio Solution File, Format Version 12.00
Project("{FAE04EC0-301F-11D3-BF4B-00C04F79EFBC}") = "bj_24_12_29", "bj_24_12_29\bj_24_12_29.csproj", "{B1782C96-3A6C-45EC-A5BA-12E5CF5F463E}"
EndProject
Global
	GlobalSection(SolutionConfigurationPlatforms) = preSolution
		Debug|Any CPU = Debug|Any CPU
		Release|Any CPU = Release|Any CPU
	EndGlobalSection
	GlobalSection(ProjectConfigurationPlatforms) = postSolution
		{B1782C96-3A6C-45EC-A5BA-12E5CF5F463E}.Debug|Any CPU.ActiveCfg = Debug|Any CPU
		{B1782C96-3A6C-45EC-A5BA-12E5CF5F463E}.Debug|Any CPU.Build.0 = Debug|Any CPU
		{B1782C96-3A6C-45EC-A5BA-12E5CF5F463E}.Release|Any CPU.ActiveCfg = Release|Any CPU
		{B1782C96-3A6C-45EC-A5BA-12E5CF5F463E}.Release|Any CPU.Build.0 = Release|Any CPU
	EndGlobalSection
EndGlobal
