
Microsoft Visual Studio Solution File, Format Version 12.00
Project("{FAE04EC0-301F-11D3-BF4B-00C04F79EFBC}") = "bj_25_09_03", "bj_25_09_03\bj_25_09_03.csproj", "{DFA4E57C-2E34-4E21-A64A-67C684FBF5F2}"
EndProject
Global
	GlobalSection(SolutionConfigurationPlatforms) = preSolution
		Debug|Any CPU = Debug|Any CPU
		Release|Any CPU = Release|Any CPU
	EndGlobalSection
	GlobalSection(ProjectConfigurationPlatforms) = postSolution
		{DFA4E57C-2E34-4E21-A64A-67C684FBF5F2}.Debug|Any CPU.ActiveCfg = Debug|Any CPU
		{DFA4E57C-2E34-4E21-A64A-67C684FBF5F2}.Debug|Any CPU.Build.0 = Debug|Any CPU
		{DFA4E57C-2E34-4E21-A64A-67C684FBF5F2}.Release|Any CPU.ActiveCfg = Release|Any CPU
		{DFA4E57C-2E34-4E21-A64A-67C684FBF5F2}.Release|Any CPU.Build.0 = Release|Any CPU
	EndGlobalSection
EndGlobal
