
Microsoft Visual Studio Solution File, Format Version 12.00
Project("{FAE04EC0-301F-11D3-BF4B-00C04F79EFBC}") = "bj_25_01_05", "bj_25_01_05\bj_25_01_05.csproj", "{5F53D62E-C088-4AA9-BC9E-6E164F25A112}"
EndProject
Global
	GlobalSection(SolutionConfigurationPlatforms) = preSolution
		Debug|Any CPU = Debug|Any CPU
		Release|Any CPU = Release|Any CPU
	EndGlobalSection
	GlobalSection(ProjectConfigurationPlatforms) = postSolution
		{5F53D62E-C088-4AA9-BC9E-6E164F25A112}.Debug|Any CPU.ActiveCfg = Debug|Any CPU
		{5F53D62E-C088-4AA9-BC9E-6E164F25A112}.Debug|Any CPU.Build.0 = Debug|Any CPU
		{5F53D62E-C088-4AA9-BC9E-6E164F25A112}.Release|Any CPU.ActiveCfg = Release|Any CPU
		{5F53D62E-C088-4AA9-BC9E-6E164F25A112}.Release|Any CPU.Build.0 = Release|Any CPU
	EndGlobalSection
EndGlobal
