
Microsoft Visual Studio Solution File, Format Version 12.00
Project("{FAE04EC0-301F-11D3-BF4B-00C04F79EFBC}") = "bj_25_12_02", "bj_25_12_02\bj_25_12_02.csproj", "{5A039AF7-D905-407D-9655-40CF81CB0DBF}"
EndProject
Global
	GlobalSection(SolutionConfigurationPlatforms) = preSolution
		Debug|Any CPU = Debug|Any CPU
		Release|Any CPU = Release|Any CPU
	EndGlobalSection
	GlobalSection(ProjectConfigurationPlatforms) = postSolution
		{5A039AF7-D905-407D-9655-40CF81CB0DBF}.Debug|Any CPU.ActiveCfg = Debug|Any CPU
		{5A039AF7-D905-407D-9655-40CF81CB0DBF}.Debug|Any CPU.Build.0 = Debug|Any CPU
		{5A039AF7-D905-407D-9655-40CF81CB0DBF}.Release|Any CPU.ActiveCfg = Release|Any CPU
		{5A039AF7-D905-407D-9655-40CF81CB0DBF}.Release|Any CPU.Build.0 = Release|Any CPU
	EndGlobalSection
EndGlobal
