
Microsoft Visual Studio Solution File, Format Version 12.00
Project("{FAE04EC0-301F-11D3-BF4B-00C04F79EFBC}") = "bj_26_01_02", "bj_26_01_02\bj_26_01_02.csproj", "{2A7AEFE2-145E-42BC-84F0-0E59F5B2AEEC}"
EndProject
Global
	GlobalSection(SolutionConfigurationPlatforms) = preSolution
		Debug|Any CPU = Debug|Any CPU
		Release|Any CPU = Release|Any CPU
	EndGlobalSection
	GlobalSection(ProjectConfigurationPlatforms) = postSolution
		{2A7AEFE2-145E-42BC-84F0-0E59F5B2AEEC}.Debug|Any CPU.ActiveCfg = Debug|Any CPU
		{2A7AEFE2-145E-42BC-84F0-0E59F5B2AEEC}.Debug|Any CPU.Build.0 = Debug|Any CPU
		{2A7AEFE2-145E-42BC-84F0-0E59F5B2AEEC}.Release|Any CPU.ActiveCfg = Release|Any CPU
		{2A7AEFE2-145E-42BC-84F0-0E59F5B2AEEC}.Release|Any CPU.Build.0 = Release|Any CPU
	EndGlobalSection
EndGlobal
