
Microsoft Visual Studio Solution File, Format Version 12.00
Project("{FAE04EC0-301F-11D3-BF4B-00C04F79EFBC}") = "bj_25_09_10", "bj_25_09_10\bj_25_09_10.csproj", "{067EEFA7-C4FE-45DB-BFBE-CB4D68ADE763}"
EndProject
Global
	GlobalSection(SolutionConfigurationPlatforms) = preSolution
		Debug|Any CPU = Debug|Any CPU
		Release|Any CPU = Release|Any CPU
	EndGlobalSection
	GlobalSection(ProjectConfigurationPlatforms) = postSolution
		{067EEFA7-C4FE-45DB-BFBE-CB4D68ADE763}.Debug|Any CPU.ActiveCfg = Debug|Any CPU
		{067EEFA7-C4FE-45DB-BFBE-CB4D68ADE763}.Debug|Any CPU.Build.0 = Debug|Any CPU
		{067EEFA7-C4FE-45DB-BFBE-CB4D68ADE763}.Release|Any CPU.ActiveCfg = Release|Any CPU
		{067EEFA7-C4FE-45DB-BFBE-CB4D68ADE763}.Release|Any CPU.Build.0 = Release|Any CPU
	EndGlobalSection
EndGlobal
