
Microsoft Visual Studio Solution File, Format Version 12.00
Project("{FAE04EC0-301F-11D3-BF4B-00C04F79EFBC}") = "bj_25_07_05", "bj_25_07_05\bj_25_07_05.csproj", "{D3165197-9D20-469F-B755-FFB3A929AB7E}"
EndProject
Global
	GlobalSection(SolutionConfigurationPlatforms) = preSolution
		Debug|Any CPU = Debug|Any CPU
		Release|Any CPU = Release|Any CPU
	EndGlobalSection
	GlobalSection(ProjectConfigurationPlatforms) = postSolution
		{D3165197-9D20-469F-B755-FFB3A929AB7E}.Debug|Any CPU.ActiveCfg = Debug|Any CPU
		{D3165197-9D20-469F-B755-FFB3A929AB7E}.Debug|Any CPU.Build.0 = Debug|Any CPU
		{D3165197-9D20-469F-B755-FFB3A929AB7E}.Release|Any CPU.ActiveCfg = Release|Any CPU
		{D3165197-9D20-469F-B755-FFB3A929AB7E}.Release|Any CPU.Build.0 = Release|Any CPU
	EndGlobalSection
EndGlobal
