
Microsoft Visual Studio Solution File, Format Version 12.00
Project("{FAE04EC0-301F-11D3-BF4B-00C04F79EFBC}") = "bj_25_08_06_01", "bj_25_08_06_01\bj_25_08_06_01.csproj", "{C87B01C7-1278-4303-BCE5-8C18E523BA6D}"
EndProject
Global
	GlobalSection(SolutionConfigurationPlatforms) = preSolution
		Debug|Any CPU = Debug|Any CPU
		Release|Any CPU = Release|Any CPU
	EndGlobalSection
	GlobalSection(ProjectConfigurationPlatforms) = postSolution
		{C87B01C7-1278-4303-BCE5-8C18E523BA6D}.Debug|Any CPU.ActiveCfg = Debug|Any CPU
		{C87B01C7-1278-4303-BCE5-8C18E523BA6D}.Debug|Any CPU.Build.0 = Debug|Any CPU
		{C87B01C7-1278-4303-BCE5-8C18E523BA6D}.Release|Any CPU.ActiveCfg = Release|Any CPU
		{C87B01C7-1278-4303-BCE5-8C18E523BA6D}.Release|Any CPU.Build.0 = Release|Any CPU
	EndGlobalSection
EndGlobal
