
Microsoft Visual Studio Solution File, Format Version 12.00
Project("{FAE04EC0-301F-11D3-BF4B-00C04F79EFBC}") = "bj_25_05_19", "bj_25_05_19\bj_25_05_19.csproj", "{EE46860C-B254-466F-8163-A75AE16D1900}"
EndProject
Global
	GlobalSection(SolutionConfigurationPlatforms) = preSolution
		Debug|Any CPU = Debug|Any CPU
		Release|Any CPU = Release|Any CPU
	EndGlobalSection
	GlobalSection(ProjectConfigurationPlatforms) = postSolution
		{EE46860C-B254-466F-8163-A75AE16D1900}.Debug|Any CPU.ActiveCfg = Debug|Any CPU
		{EE46860C-B254-466F-8163-A75AE16D1900}.Debug|Any CPU.Build.0 = Debug|Any CPU
		{EE46860C-B254-466F-8163-A75AE16D1900}.Release|Any CPU.ActiveCfg = Release|Any CPU
		{EE46860C-B254-466F-8163-A75AE16D1900}.Release|Any CPU.Build.0 = Release|Any CPU
	EndGlobalSection
EndGlobal
